
Microsoft Visual Studio Solution File, Format Version 12.00
# Visual Studio 15
VisualStudioVersion = 15.0.28307.168
MinimumVisualStudioVersion = 10.0.40219.1
Project("{FAE04EC0-301F-11D3-BF4B-00C04F79EFBC}") = "MVC(test)", "MVC(test)\MVC(test).csproj", "{08AFF1AC-D319-4E47-AAB3-502AA433BB53}"
EndProject
Global
	GlobalSection(SolutionConfigurationPlatforms) = preSolution
		Debug|Any CPU = Debug|Any CPU
		Release|Any CPU = Release|Any CPU
	EndGlobalSection
	GlobalSection(ProjectConfigurationPlatforms) = postSolution
		{08AFF1AC-D319-4E47-AAB3-502AA433BB53}.Debug|Any CPU.ActiveCfg = Debug|Any CPU
		{08AFF1AC-D319-4E47-AAB3-502AA433BB53}.Debug|Any CPU.Build.0 = Debug|Any CPU
		{08AFF1AC-D319-4E47-AAB3-502AA433BB53}.Release|Any CPU.ActiveCfg = Release|Any CPU
		{08AFF1AC-D319-4E47-AAB3-502AA433BB53}.Release|Any CPU.Build.0 = Release|Any CPU
	EndGlobalSection
	GlobalSection(SolutionProperties) = preSolution
		HideSolutionNode = FALSE
	EndGlobalSection
	GlobalSection(ExtensibilityGlobals) = postSolution
		SolutionGuid = {D0F895A9-2F0E-40B9-8A4E-0C399E7C0062}
	EndGlobalSection
EndGlobal
